
Microsoft Visual Studio Solution File, Format Version 12.00
# Visual Studio Version 16
VisualStudioVersion = 16.0.29920.165
MinimumVisualStudioVersion = 10.0.40219.1
Project("{9A19103F-16F7-4668-BE54-9A1E7A4F7556}") = "Mekhnin.Shelter.Api", "Mekhnin.Shelter\Mekhnin.Shelter.Api.csproj", "{9586C8A0-342F-4143-9CCE-7EDE2CA8FD49}"
EndProject
Project("{9A19103F-16F7-4668-BE54-9A1E7A4F7556}") = "Mekhnin.Shelter.ViewDto", "Mekhnin.Shelter.ViewDto\Mekhnin.Shelter.ViewDto.csproj", "{F5098B5C-75F9-4C1B-AA8A-8DFB134F9E2E}"
EndProject
Project("{9A19103F-16F7-4668-BE54-9A1E7A4F7556}") = "Mekhnin.Shelter.Context.Shelter", "Mekhnin.Shelter.Context.Shelter\Mekhnin.Shelter.Context.Shelter.csproj", "{73A0392C-AA1D-4788-BDA4-F6FBB405DB15}"
EndProject
Project("{9A19103F-16F7-4668-BE54-9A1E7A4F7556}") = "Mekhnin.Shelter.Data.Shelter", "Mekhnin.Shelter.Data.Shelter\Mekhnin.Shelter.Data.Shelter.csproj", "{73C2C1E6-D2A8-4C3D-8487-86A6BF0CFB92}"
EndProject
Project("{FAE04EC0-301F-11D3-BF4B-00C04F79EFBC}") = "Mekhnin.Shelter.ApplicationService", "Mekhnin.Shelter.ApplicationService\Mekhnin.Shelter.ApplicationService.csproj", "{2A0E7DC4-DB1E-4543-BAF8-2940528E9BDB}"
EndProject
Global
	GlobalSection(SolutionConfigurationPlatforms) = preSolution
		Debug|Any CPU = Debug|Any CPU
		Release|Any CPU = Release|Any CPU
	EndGlobalSection
	GlobalSection(ProjectConfigurationPlatforms) = postSolution
		{9586C8A0-342F-4143-9CCE-7EDE2CA8FD49}.Debug|Any CPU.ActiveCfg = Debug|Any CPU
		{9586C8A0-342F-4143-9CCE-7EDE2CA8FD49}.Debug|Any CPU.Build.0 = Debug|Any CPU
		{9586C8A0-342F-4143-9CCE-7EDE2CA8FD49}.Release|Any CPU.ActiveCfg = Release|Any CPU
		{9586C8A0-342F-4143-9CCE-7EDE2CA8FD49}.Release|Any CPU.Build.0 = Release|Any CPU
		{F5098B5C-75F9-4C1B-AA8A-8DFB134F9E2E}.Debug|Any CPU.ActiveCfg = Debug|Any CPU
		{F5098B5C-75F9-4C1B-AA8A-8DFB134F9E2E}.Debug|Any CPU.Build.0 = Debug|Any CPU
		{F5098B5C-75F9-4C1B-AA8A-8DFB134F9E2E}.Release|Any CPU.ActiveCfg = Release|Any CPU
		{F5098B5C-75F9-4C1B-AA8A-8DFB134F9E2E}.Release|Any CPU.Build.0 = Release|Any CPU
		{73A0392C-AA1D-4788-BDA4-F6FBB405DB15}.Debug|Any CPU.ActiveCfg = Debug|Any CPU
		{73A0392C-AA1D-4788-BDA4-F6FBB405DB15}.Debug|Any CPU.Build.0 = Debug|Any CPU
		{73A0392C-AA1D-4788-BDA4-F6FBB405DB15}.Release|Any CPU.ActiveCfg = Release|Any CPU
		{73A0392C-AA1D-4788-BDA4-F6FBB405DB15}.Release|Any CPU.Build.0 = Release|Any CPU
		{73C2C1E6-D2A8-4C3D-8487-86A6BF0CFB92}.Debug|Any CPU.ActiveCfg = Debug|Any CPU
		{73C2C1E6-D2A8-4C3D-8487-86A6BF0CFB92}.Debug|Any CPU.Build.0 = Debug|Any CPU
		{73C2C1E6-D2A8-4C3D-8487-86A6BF0CFB92}.Release|Any CPU.ActiveCfg = Release|Any CPU
		{73C2C1E6-D2A8-4C3D-8487-86A6BF0CFB92}.Release|Any CPU.Build.0 = Release|Any CPU
		{2A0E7DC4-DB1E-4543-BAF8-2940528E9BDB}.Debug|Any CPU.ActiveCfg = Debug|Any CPU
		{2A0E7DC4-DB1E-4543-BAF8-2940528E9BDB}.Debug|Any CPU.Build.0 = Debug|Any CPU
		{2A0E7DC4-DB1E-4543-BAF8-2940528E9BDB}.Release|Any CPU.ActiveCfg = Release|Any CPU
		{2A0E7DC4-DB1E-4543-BAF8-2940528E9BDB}.Release|Any CPU.Build.0 = Release|Any CPU
	EndGlobalSection
	GlobalSection(SolutionProperties) = preSolution
		HideSolutionNode = FALSE
	EndGlobalSection
	GlobalSection(ExtensibilityGlobals) = postSolution
		SolutionGuid = {582A6AD8-869A-4923-9CE4-ECF0EE416BF5}
	EndGlobalSection
EndGlobal
